{"format_version":"1.0","provider_schemas":{"registry.terraform.io/cdot65/junos-security-policies":{"provider":{"version":0,"block":{"attributes":{"host":{"type":"string","description_kind":"plain","required":true},"password":{"type":"string","description_kind":"plain","required":true},"port":{"type":"number","description_kind":"plain","required":true},"sshkey":{"type":"string","description_kind":"plain","required":true},"username":{"type":"string","description_kind":"plain","required":true}},"description_kind":"plain"}},"resource_schemas":{"junos-security-policies_SecurityPoliciesPolicyFrom__Zone__Name":{"version":0,"block":{"attributes":{"from__zone__name":{"type":"string","description":"xpath is: config.Groups.V_policy. Source zone","description_kind":"plain","optional":true},"id":{"type":"string","description_kind":"plain","optional":true,"computed":true},"resource_name":{"type":"string","description_kind":"plain","required":true},"to__zone__name":{"type":"string","description":"xpath is: config.Groups.V_policy","description_kind":"plain","optional":true}},"description_kind":"plain"}},"junos-security-policies_SecurityPoliciesPolicyPolicyDescription":{"version":0,"block":{"attributes":{"description":{"type":"string","description":"xpath is: config.Groups.V_policy.V_policy__1. Text description of policy","description_kind":"plain","optional":true},"from__zone__name":{"type":"string","description":"xpath is: config.Groups.V_policy","description_kind":"plain","optional":true},"id":{"type":"string","description_kind":"plain","optional":true,"computed":true},"name":{"type":"string","description":"xpath is: config.Groups.V_policy.V_policy__1","description_kind":"plain","optional":true},"resource_name":{"type":"string","description_kind":"plain","required":true},"to__zone__name":{"type":"string","description":"xpath is: config.Groups.V_policy","description_kind":"plain","optional":true}},"description_kind":"plain"}},"junos-security-policies_SecurityPoliciesPolicyPolicyMatchApplication":{"version":0,"block":{"attributes":{"application":{"type":"string","description":"xpath is: config.Groups.V_policy.V_policy__1.V_match. ","description_kind":"plain","optional":true},"from__zone__name":{"type":"string","description":"xpath is: config.Groups.V_policy","description_kind":"plain","optional":true},"id":{"type":"string","description_kind":"plain","optional":true,"computed":true},"name":{"type":"string","description":"xpath is: config.Groups.V_policy.V_policy__1","description_kind":"plain","optional":true},"resource_name":{"type":"string","description_kind":"plain","required":true},"to__zone__name":{"type":"string","description":"xpath is: config.Groups.V_policy","description_kind":"plain","optional":true}},"description_kind":"plain"}},"junos-security-policies_SecurityPoliciesPolicyPolicyMatchDestination__Address":{"version":0,"block":{"attributes":{"destination__address":{"type":"string","description":"xpath is: config.Groups.V_policy.V_policy__1.V_match. ","description_kind":"plain","optional":true},"from__zone__name":{"type":"string","description":"xpath is: config.Groups.V_policy","description_kind":"plain","optional":true},"id":{"type":"string","description_kind":"plain","optional":true,"computed":true},"name":{"type":"string","description":"xpath is: config.Groups.V_policy.V_policy__1","description_kind":"plain","optional":true},"resource_name":{"type":"string","description_kind":"plain","required":true},"to__zone__name":{"type":"string","description":"xpath is: config.Groups.V_policy","description_kind":"plain","optional":true}},"description_kind":"plain"}},"junos-security-policies_SecurityPoliciesPolicyPolicyMatchFrom__Zone":{"version":0,"block":{"attributes":{"from__zone":{"type":"string","description":"xpath is: config.Groups.V_policy.V_policy__1.V_match. ","description_kind":"plain","optional":true},"from__zone__name":{"type":"string","description":"xpath is: config.Groups.V_policy","description_kind":"plain","optional":true},"id":{"type":"string","description_kind":"plain","optional":true,"computed":true},"name":{"type":"string","description":"xpath is: config.Groups.V_policy.V_policy__1","description_kind":"plain","optional":true},"resource_name":{"type":"string","description_kind":"plain","required":true},"to__zone__name":{"type":"string","description":"xpath is: config.Groups.V_policy","description_kind":"plain","optional":true}},"description_kind":"plain"}},"junos-security-policies_SecurityPoliciesPolicyPolicyMatchSource__Address":{"version":0,"block":{"attributes":{"from__zone__name":{"type":"string","description":"xpath is: config.Groups.V_policy","description_kind":"plain","optional":true},"id":{"type":"string","description_kind":"plain","optional":true,"computed":true},"name":{"type":"string","description":"xpath is: config.Groups.V_policy.V_policy__1","description_kind":"plain","optional":true},"resource_name":{"type":"string","description_kind":"plain","required":true},"source__address":{"type":"string","description":"xpath is: config.Groups.V_policy.V_policy__1.V_match. ","description_kind":"plain","optional":true},"to__zone__name":{"type":"string","description":"xpath is: config.Groups.V_policy","description_kind":"plain","optional":true}},"description_kind":"plain"}},"junos-security-policies_SecurityPoliciesPolicyPolicyMatchTo__Zone":{"version":0,"block":{"attributes":{"from__zone__name":{"type":"string","description":"xpath is: config.Groups.V_policy","description_kind":"plain","optional":true},"id":{"type":"string","description_kind":"plain","optional":true,"computed":true},"name":{"type":"string","description":"xpath is: config.Groups.V_policy.V_policy__1","description_kind":"plain","optional":true},"resource_name":{"type":"string","description_kind":"plain","required":true},"to__zone":{"type":"string","description":"xpath is: config.Groups.V_policy.V_policy__1.V_match. ","description_kind":"plain","optional":true},"to__zone__name":{"type":"string","description":"xpath is: config.Groups.V_policy","description_kind":"plain","optional":true}},"description_kind":"plain"}},"junos-security-policies_SecurityPoliciesPolicyPolicyName":{"version":0,"block":{"attributes":{"from__zone__name":{"type":"string","description":"xpath is: config.Groups.V_policy","description_kind":"plain","optional":true},"id":{"type":"string","description_kind":"plain","optional":true,"computed":true},"name":{"type":"string","description":"xpath is: config.Groups.V_policy.V_policy__1. Security policy name","description_kind":"plain","optional":true},"resource_name":{"type":"string","description_kind":"plain","required":true},"to__zone__name":{"type":"string","description":"xpath is: config.Groups.V_policy","description_kind":"plain","optional":true}},"description_kind":"plain"}},"junos-security-policies_SecurityPoliciesPolicyPolicyThenCount":{"version":0,"block":{"attributes":{"from__zone__name":{"type":"string","description":"xpath is: config.Groups.V_policy","description_kind":"plain","optional":true},"id":{"type":"string","description_kind":"plain","optional":true,"computed":true},"name":{"type":"string","description":"xpath is: config.Groups.V_policy.V_policy__1","description_kind":"plain","optional":true},"resource_name":{"type":"string","description_kind":"plain","required":true},"to__zone__name":{"type":"string","description":"xpath is: config.Groups.V_policy","description_kind":"plain","optional":true}},"description_kind":"plain"}},"junos-security-policies_SecurityPoliciesPolicyPolicyThenDeny":{"version":0,"block":{"attributes":{"from__zone__name":{"type":"string","description":"xpath is: config.Groups.V_policy","description_kind":"plain","optional":true},"id":{"type":"string","description_kind":"plain","optional":true,"computed":true},"name":{"type":"string","description":"xpath is: config.Groups.V_policy.V_policy__1","description_kind":"plain","optional":true},"resource_name":{"type":"string","description_kind":"plain","required":true},"to__zone__name":{"type":"string","description":"xpath is: config.Groups.V_policy","description_kind":"plain","optional":true}},"description_kind":"plain"}},"junos-security-policies_SecurityPoliciesPolicyPolicyThenLog":{"version":0,"block":{"attributes":{"from__zone__name":{"type":"string","description":"xpath is: config.Groups.V_policy","description_kind":"plain","optional":true},"id":{"type":"string","description_kind":"plain","optional":true,"computed":true},"name":{"type":"string","description":"xpath is: config.Groups.V_policy.V_policy__1","description_kind":"plain","optional":true},"resource_name":{"type":"string","description_kind":"plain","required":true},"to__zone__name":{"type":"string","description":"xpath is: config.Groups.V_policy","description_kind":"plain","optional":true}},"description_kind":"plain"}},"junos-security-policies_SecurityPoliciesPolicyPolicyThenPermit":{"version":0,"block":{"attributes":{"from__zone__name":{"type":"string","description":"xpath is: config.Groups.V_policy","description_kind":"plain","optional":true},"id":{"type":"string","description_kind":"plain","optional":true,"computed":true},"name":{"type":"string","description":"xpath is: config.Groups.V_policy.V_policy__1","description_kind":"plain","optional":true},"resource_name":{"type":"string","description_kind":"plain","required":true},"to__zone__name":{"type":"string","description":"xpath is: config.Groups.V_policy","description_kind":"plain","optional":true}},"description_kind":"plain"}},"junos-security-policies_SecurityPoliciesPolicyPolicyThenReject":{"version":0,"block":{"attributes":{"from__zone__name":{"type":"string","description":"xpath is: config.Groups.V_policy","description_kind":"plain","optional":true},"id":{"type":"string","description_kind":"plain","optional":true,"computed":true},"name":{"type":"string","description":"xpath is: config.Groups.V_policy.V_policy__1","description_kind":"plain","optional":true},"resource_name":{"type":"string","description_kind":"plain","required":true},"to__zone__name":{"type":"string","description":"xpath is: config.Groups.V_policy","description_kind":"plain","optional":true}},"description_kind":"plain"}},"junos-security-policies_SecurityPoliciesPolicyTo__Zone__Name":{"version":0,"block":{"attributes":{"from__zone__name":{"type":"string","description":"xpath is: config.Groups.V_policy","description_kind":"plain","optional":true},"id":{"type":"string","description_kind":"plain","optional":true,"computed":true},"resource_name":{"type":"string","description_kind":"plain","required":true},"to__zone__name":{"type":"string","description":"xpath is: config.Groups.V_policy. Destination zone","description_kind":"plain","optional":true}},"description_kind":"plain"}},"junos-security-policies_commit":{"version":0,"block":{"attributes":{"id":{"type":"string","description_kind":"plain","optional":true,"computed":true},"resource_name":{"type":"string","description_kind":"plain","required":true}},"description_kind":"plain"}},"junos-security-policies_destroycommit":{"version":0,"block":{"attributes":{"id":{"type":"string","description_kind":"plain","optional":true,"computed":true},"resource_name":{"type":"string","description_kind":"plain","required":true}},"description_kind":"plain"}}}}}}
